{
  "name": "workspace",
  "version": "1.0.0",
  "lockfileVersion": 3,
  "requires": true,
  "packages": {
    "": {
      "name": "workspace",
      "version": "1.0.0",
      "license": "ISC",
      "dependencies": {
        "openai": "^6.7.0"
      }
    },
    "node_modules/openai": {
      "version": "6.7.0",
      "resolved": "https://registry.npmjs.org/openai/-/openai-6.7.0.tgz",
      "integrity": "sha512-mgSQXa3O/UXTbA8qFzoa7aydbXBJR5dbLQXCRapAOtoNT+v69sLdKMZzgiakpqhclRnhPggPAXoniVGn2kMY2A==",
      "license": "Apache-2.0",
      "bin": {
        "openai": "bin/cli"
      },
      "peerDependencies": {
        "ws": "^8.18.0",
        "zod": "^3.25 || ^4.0"
      },
      "peerDependenciesMeta": {
        "ws": {
          "optional": true
        },
        "zod": {
          "optional": true
        }
      }
    }
  }
}
